
Microsoft Visual Studio Solution File, Format Version 12.00
Project("{FAE04EC0-301F-11D3-BF4B-00C04F79EFBC}") = "Homework", "Homework\Homework.csproj", "{187B05B8-8B65-41BE-89D9-69398375A1BC}"
EndProject
Global
	GlobalSection(SolutionConfigurationPlatforms) = preSolution
		Debug|Any CPU = Debug|Any CPU
		Release|Any CPU = Release|Any CPU
	EndGlobalSection
	GlobalSection(ProjectConfigurationPlatforms) = postSolution
		{187B05B8-8B65-41BE-89D9-69398375A1BC}.Debug|Any CPU.ActiveCfg = Debug|Any CPU
		{187B05B8-8B65-41BE-89D9-69398375A1BC}.Debug|Any CPU.Build.0 = Debug|Any CPU
		{187B05B8-8B65-41BE-89D9-69398375A1BC}.Release|Any CPU.ActiveCfg = Release|Any CPU
		{187B05B8-8B65-41BE-89D9-69398375A1BC}.Release|Any CPU.Build.0 = Release|Any CPU
	EndGlobalSection
EndGlobal
